
Microsoft Visual Studio Solution File, Format Version 12.00
# Visual Studio Version 17
VisualStudioVersion = 17.5.33502.453
MinimumVisualStudioVersion = 10.0.40219.1
Project("{9A19103F-16F7-4668-BE54-9A1E7A4F7556}") = "Al.Core", "Al.Core\Al.Core.csproj", "{10E95432-E7CA-4A11-88A6-BFD2A576E9DB}"
EndProject
Project("{9A19103F-16F7-4668-BE54-9A1E7A4F7556}") = "Al.Domain", "Al.Domain\Al.Domain.csproj", "{AFA464B9-0F31-41C7-859A-E51C237E30E2}"
EndProject
Project("{9A19103F-16F7-4668-BE54-9A1E7A4F7556}") = "Al.Data", "Al.Data\Al.Data.csproj", "{3698C760-CDEF-44ED-91ED-7AAA6AAB84FF}"
EndProject
Project("{9A19103F-16F7-4668-BE54-9A1E7A4F7556}") = "Al.IoC", "Al.IoC\Al.IoC.csproj", "{101E6043-6195-4431-BC1B-8A89AD818433}"
EndProject
Project("{9A19103F-16F7-4668-BE54-9A1E7A4F7556}") = "Al.Web", "Al.Web\Al.Web.csproj", "{14415D9B-5090-4898-85D3-36C05ED0AA85}"
EndProject
Global
	GlobalSection(SolutionConfigurationPlatforms) = preSolution
		Debug|Any CPU = Debug|Any CPU
		Release|Any CPU = Release|Any CPU
	EndGlobalSection
	GlobalSection(ProjectConfigurationPlatforms) = postSolution
		{10E95432-E7CA-4A11-88A6-BFD2A576E9DB}.Debug|Any CPU.ActiveCfg = Debug|Any CPU
		{10E95432-E7CA-4A11-88A6-BFD2A576E9DB}.Debug|Any CPU.Build.0 = Debug|Any CPU
		{10E95432-E7CA-4A11-88A6-BFD2A576E9DB}.Release|Any CPU.ActiveCfg = Release|Any CPU
		{10E95432-E7CA-4A11-88A6-BFD2A576E9DB}.Release|Any CPU.Build.0 = Release|Any CPU
		{AFA464B9-0F31-41C7-859A-E51C237E30E2}.Debug|Any CPU.ActiveCfg = Debug|Any CPU
		{AFA464B9-0F31-41C7-859A-E51C237E30E2}.Debug|Any CPU.Build.0 = Debug|Any CPU
		{AFA464B9-0F31-41C7-859A-E51C237E30E2}.Release|Any CPU.ActiveCfg = Release|Any CPU
		{AFA464B9-0F31-41C7-859A-E51C237E30E2}.Release|Any CPU.Build.0 = Release|Any CPU
		{3698C760-CDEF-44ED-91ED-7AAA6AAB84FF}.Debug|Any CPU.ActiveCfg = Debug|Any CPU
		{3698C760-CDEF-44ED-91ED-7AAA6AAB84FF}.Debug|Any CPU.Build.0 = Debug|Any CPU
		{3698C760-CDEF-44ED-91ED-7AAA6AAB84FF}.Release|Any CPU.ActiveCfg = Release|Any CPU
		{3698C760-CDEF-44ED-91ED-7AAA6AAB84FF}.Release|Any CPU.Build.0 = Release|Any CPU
		{101E6043-6195-4431-BC1B-8A89AD818433}.Debug|Any CPU.ActiveCfg = Debug|Any CPU
		{101E6043-6195-4431-BC1B-8A89AD818433}.Debug|Any CPU.Build.0 = Debug|Any CPU
		{101E6043-6195-4431-BC1B-8A89AD818433}.Release|Any CPU.ActiveCfg = Release|Any CPU
		{101E6043-6195-4431-BC1B-8A89AD818433}.Release|Any CPU.Build.0 = Release|Any CPU
		{14415D9B-5090-4898-85D3-36C05ED0AA85}.Debug|Any CPU.ActiveCfg = Debug|Any CPU
		{14415D9B-5090-4898-85D3-36C05ED0AA85}.Debug|Any CPU.Build.0 = Debug|Any CPU
		{14415D9B-5090-4898-85D3-36C05ED0AA85}.Release|Any CPU.ActiveCfg = Release|Any CPU
		{14415D9B-5090-4898-85D3-36C05ED0AA85}.Release|Any CPU.Build.0 = Release|Any CPU
	EndGlobalSection
	GlobalSection(SolutionProperties) = preSolution
		HideSolutionNode = FALSE
	EndGlobalSection
	GlobalSection(ExtensibilityGlobals) = postSolution
		SolutionGuid = {3CA99177-BC82-467B-A8DD-F646A01FE4BD}
	EndGlobalSection
EndGlobal
